
Microsoft Visual Studio Solution File, Format Version 12.00
# Visual Studio Version 17
VisualStudioVersion = 17.7.34202.233
MinimumVisualStudioVersion = 10.0.40219.1
Project("{FAE04EC0-301F-11D3-BF4B-00C04F79EFBC}") = "WinFormsApp1", "WinFormsApp1\WinFormsApp1.csproj", "{96259544-C58B-4B8C-95AD-4D0175E10581}"
EndProject
Project("{2150E333-8FDC-42A3-9474-1A3956D46DE8}") = "Solution Items", "Solution Items", "{2D100F34-9EF8-40D7-B03F-D9CBC1B191A5}"
EndProject
Global
	GlobalSection(SolutionConfigurationPlatforms) = preSolution
		Debug|Any CPU = Debug|Any CPU
		Release|Any CPU = Release|Any CPU
	EndGlobalSection
	GlobalSection(ProjectConfigurationPlatforms) = postSolution
		{96259544-C58B-4B8C-95AD-4D0175E10581}.Debug|Any CPU.ActiveCfg = Debug|Any CPU
		{96259544-C58B-4B8C-95AD-4D0175E10581}.Debug|Any CPU.Build.0 = Debug|Any CPU
		{96259544-C58B-4B8C-95AD-4D0175E10581}.Release|Any CPU.ActiveCfg = Release|Any CPU
		{96259544-C58B-4B8C-95AD-4D0175E10581}.Release|Any CPU.Build.0 = Release|Any CPU
	EndGlobalSection
	GlobalSection(SolutionProperties) = preSolution
		HideSolutionNode = FALSE
	EndGlobalSection
	GlobalSection(ExtensibilityGlobals) = postSolution
		SolutionGuid = {47F92F98-F004-4A1A-A31D-EC5C388BE9CF}
	EndGlobalSection
EndGlobal
